
Microsoft Visual Studio Solution File, Format Version 12.00
# Visual Studio Version 16
VisualStudioVersion = 16.0.31019.35
MinimumVisualStudioVersion = 10.0.40219.1
Project("{FAE04EC0-301F-11D3-BF4B-00C04F79EFBC}") = "Task Method (1)", "Task Method (1)\Task Method (1).csproj", "{81F14756-1819-41B5-B134-C03CCD800707}"
EndProject
Global
	GlobalSection(SolutionConfigurationPlatforms) = preSolution
		Debug|Any CPU = Debug|Any CPU
		Release|Any CPU = Release|Any CPU
	EndGlobalSection
	GlobalSection(ProjectConfigurationPlatforms) = postSolution
		{81F14756-1819-41B5-B134-C03CCD800707}.Debug|Any CPU.ActiveCfg = Debug|Any CPU
		{81F14756-1819-41B5-B134-C03CCD800707}.Debug|Any CPU.Build.0 = Debug|Any CPU
		{81F14756-1819-41B5-B134-C03CCD800707}.Release|Any CPU.ActiveCfg = Release|Any CPU
		{81F14756-1819-41B5-B134-C03CCD800707}.Release|Any CPU.Build.0 = Release|Any CPU
	EndGlobalSection
	GlobalSection(SolutionProperties) = preSolution
		HideSolutionNode = FALSE
	EndGlobalSection
	GlobalSection(ExtensibilityGlobals) = postSolution
		SolutionGuid = {32D7C16D-B7FF-43B9-BA73-9A6BCFD3412A}
	EndGlobalSection
EndGlobal
