
Microsoft Visual Studio Solution File, Format Version 12.00
# Visual Studio Version 16
VisualStudioVersion = 16.0.31019.35
MinimumVisualStudioVersion = 10.0.40219.1
Project("{FAE04EC0-301F-11D3-BF4B-00C04F79EFBC}") = "TaskOverload(1)", "TaskOverload(1)\TaskOverload(1).csproj", "{A91159A3-CBA2-44E3-A570-778C675455EF}"
EndProject
Global
	GlobalSection(SolutionConfigurationPlatforms) = preSolution
		Debug|Any CPU = Debug|Any CPU
		Release|Any CPU = Release|Any CPU
	EndGlobalSection
	GlobalSection(ProjectConfigurationPlatforms) = postSolution
		{A91159A3-CBA2-44E3-A570-778C675455EF}.Debug|Any CPU.ActiveCfg = Debug|Any CPU
		{A91159A3-CBA2-44E3-A570-778C675455EF}.Debug|Any CPU.Build.0 = Debug|Any CPU
		{A91159A3-CBA2-44E3-A570-778C675455EF}.Release|Any CPU.ActiveCfg = Release|Any CPU
		{A91159A3-CBA2-44E3-A570-778C675455EF}.Release|Any CPU.Build.0 = Release|Any CPU
	EndGlobalSection
	GlobalSection(SolutionProperties) = preSolution
		HideSolutionNode = FALSE
	EndGlobalSection
	GlobalSection(ExtensibilityGlobals) = postSolution
		SolutionGuid = {29F3926B-B8F3-4623-8037-AF60738911E1}
	EndGlobalSection
EndGlobal
